
Microsoft Visual Studio Solution File, Format Version 12.00
# Visual Studio Version 17
VisualStudioVersion = 17.4.33213.308
MinimumVisualStudioVersion = 10.0.40219.1
Project("{9A19103F-16F7-4668-BE54-9A1E7A4F7556}") = "DWChallange", "src\DWChallange\DWChallange.csproj", "{7015374A-C26E-4F02-8937-FBD0071381CB}"
EndProject
Project("{9A19103F-16F7-4668-BE54-9A1E7A4F7556}") = "DWChallenge.UnitTests", "tests\DWChallenge.UnitTests\DWChallenge.UnitTests.csproj", "{34635851-13C0-4E6D-95A6-131A9AA0712F}"
EndProject
Global
	GlobalSection(SolutionConfigurationPlatforms) = preSolution
		Debug|Any CPU = Debug|Any CPU
		Release|Any CPU = Release|Any CPU
	EndGlobalSection
	GlobalSection(ProjectConfigurationPlatforms) = postSolution
		{7015374A-C26E-4F02-8937-FBD0071381CB}.Debug|Any CPU.ActiveCfg = Debug|Any CPU
		{7015374A-C26E-4F02-8937-FBD0071381CB}.Debug|Any CPU.Build.0 = Debug|Any CPU
		{7015374A-C26E-4F02-8937-FBD0071381CB}.Release|Any CPU.ActiveCfg = Release|Any CPU
		{7015374A-C26E-4F02-8937-FBD0071381CB}.Release|Any CPU.Build.0 = Release|Any CPU
		{34635851-13C0-4E6D-95A6-131A9AA0712F}.Debug|Any CPU.ActiveCfg = Debug|Any CPU
		{34635851-13C0-4E6D-95A6-131A9AA0712F}.Debug|Any CPU.Build.0 = Debug|Any CPU
		{34635851-13C0-4E6D-95A6-131A9AA0712F}.Release|Any CPU.ActiveCfg = Release|Any CPU
		{34635851-13C0-4E6D-95A6-131A9AA0712F}.Release|Any CPU.Build.0 = Release|Any CPU
	EndGlobalSection
	GlobalSection(SolutionProperties) = preSolution
		HideSolutionNode = FALSE
	EndGlobalSection
	GlobalSection(ExtensibilityGlobals) = postSolution
		SolutionGuid = {0A7FCF99-9446-465B-8D30-D045213863A0}
	EndGlobalSection
EndGlobal
